
Microsoft Visual Studio Solution File, Format Version 12.00
# Visual Studio Version 17
VisualStudioVersion = 17.1.32228.430
MinimumVisualStudioVersion = 10.0.40219.1
Project("{FAE04EC0-301F-11D3-BF4B-00C04F79EFBC}") = "denemeVT", "denemeVT\denemeVT.csproj", "{9ED0F188-2D8A-43CC-A549-91D2048F762E}"
EndProject
Global
	GlobalSection(SolutionConfigurationPlatforms) = preSolution
		Debug|Any CPU = Debug|Any CPU
		Release|Any CPU = Release|Any CPU
	EndGlobalSection
	GlobalSection(ProjectConfigurationPlatforms) = postSolution
		{9ED0F188-2D8A-43CC-A549-91D2048F762E}.Debug|Any CPU.ActiveCfg = Debug|Any CPU
		{9ED0F188-2D8A-43CC-A549-91D2048F762E}.Debug|Any CPU.Build.0 = Debug|Any CPU
		{9ED0F188-2D8A-43CC-A549-91D2048F762E}.Release|Any CPU.ActiveCfg = Release|Any CPU
		{9ED0F188-2D8A-43CC-A549-91D2048F762E}.Release|Any CPU.Build.0 = Release|Any CPU
	EndGlobalSection
	GlobalSection(SolutionProperties) = preSolution
		HideSolutionNode = FALSE
	EndGlobalSection
	GlobalSection(ExtensibilityGlobals) = postSolution
		SolutionGuid = {F6F1486A-2E47-444A-B992-26517678D838}
	EndGlobalSection
EndGlobal
